
Microsoft Visual Studio Solution File, Format Version 12.00
# Visual Studio Version 16
VisualStudioVersion = 16.0.31005.135
MinimumVisualStudioVersion = 10.0.40219.1
Project("{FAE04EC0-301F-11D3-BF4B-00C04F79EFBC}") = "XPMToPIX", "XPMToPIX\XPMToPIX.csproj", "{2B14C0BA-0930-48DE-B34A-110201BAD382}"
EndProject
Global
	GlobalSection(SolutionConfigurationPlatforms) = preSolution
		Debug|Any CPU = Debug|Any CPU
		Release|Any CPU = Release|Any CPU
	EndGlobalSection
	GlobalSection(ProjectConfigurationPlatforms) = postSolution
		{2B14C0BA-0930-48DE-B34A-110201BAD382}.Debug|Any CPU.ActiveCfg = Debug|Any CPU
		{2B14C0BA-0930-48DE-B34A-110201BAD382}.Debug|Any CPU.Build.0 = Debug|Any CPU
		{2B14C0BA-0930-48DE-B34A-110201BAD382}.Release|Any CPU.ActiveCfg = Release|Any CPU
		{2B14C0BA-0930-48DE-B34A-110201BAD382}.Release|Any CPU.Build.0 = Release|Any CPU
	EndGlobalSection
	GlobalSection(SolutionProperties) = preSolution
		HideSolutionNode = FALSE
	EndGlobalSection
	GlobalSection(ExtensibilityGlobals) = postSolution
		SolutionGuid = {7EF74C96-2246-464F-A67D-384BE8FFD5E8}
	EndGlobalSection
EndGlobal
